# Auto-generated by dotagents. Do not edit.
version = 1

[skills.agents-md]
source = "getsentry/sentry-skills"
resolved_url = "https://github.com/getsentry/sentry-skills"
resolved_path = ".agents/skills/agents-md"

[skills.brainstorming]
source = "obra/superpowers"
resolved_url = "https://github.com/obra/superpowers"
resolved_path = "skills/brainstorming"

[skills.code-review]
source = "getsentry/sentry-skills"
resolved_url = "https://github.com/getsentry/sentry-skills"
resolved_path = ".agents/skills/code-review"

[skills.code-simplifier]
source = "getsentry/sentry-skills"
resolved_url = "https://github.com/getsentry/sentry-skills"
resolved_path = ".agents/skills/code-simplifier"

[skills.commit]
source = "getsentry/sentry-skills"
resolved_url = "https://github.com/getsentry/sentry-skills"
resolved_path = ".agents/skills/commit"

[skills.create-branch]
source = "getsentry/sentry-skills"
resolved_url = "https://github.com/getsentry/sentry-skills"
resolved_path = ".agents/skills/create-branch"

[skills.create-pr]
source = "getsentry/sentry-skills"
resolved_url = "https://github.com/getsentry/sentry-skills"
resolved_path = ".agents/skills/create-pr"

[skills.dispatching-parallel-agents]
source = "obra/superpowers"
resolved_url = "https://github.com/obra/superpowers"
resolved_path = "skills/dispatching-parallel-agents"

[skills.dotagents]
source = "getsentry/dotagents"
resolved_url = "https://github.com/getsentry/dotagents"
resolved_path = "skills/dotagents"

[skills.executing-plans]
source = "obra/superpowers"
resolved_url = "https://github.com/obra/superpowers"
resolved_path = "skills/executing-plans"

[skills.iterate-pr]
source = "getsentry/sentry-skills"
resolved_url = "https://github.com/getsentry/sentry-skills"
resolved_path = ".agents/skills/iterate-pr"

[skills.pr-writer]
source = "getsentry/sentry-skills"
resolved_url = "https://github.com/getsentry/sentry-skills"
resolved_path = ".agents/skills/pr-writer"

[skills.sentry-android-sdk]
source = "getsentry/sentry-for-ai"
resolved_url = "https://github.com/getsentry/sentry-for-ai"
resolved_path = "skills/sentry-android-sdk"

[skills.sentry-cocoa-sdk]
source = "getsentry/sentry-for-ai"
resolved_url = "https://github.com/getsentry/sentry-for-ai"
resolved_path = "skills/sentry-cocoa-sdk"

[skills.sentry-code-review]
source = "getsentry/sentry-for-ai"
resolved_url = "https://github.com/getsentry/sentry-for-ai"
resolved_path = "skills/sentry-code-review"

[skills.sentry-go-sdk]
source = "getsentry/sentry-for-ai"
resolved_url = "https://github.com/getsentry/sentry-for-ai"
resolved_path = "skills/sentry-go-sdk"

[skills.sentry-react-native-sdk]
source = "getsentry/sentry-for-ai"
resolved_url = "https://github.com/getsentry/sentry-for-ai"
resolved_path = "skills/sentry-react-native-sdk"

[skills.sentry-sdk-setup]
source = "getsentry/sentry-for-ai"
resolved_url = "https://github.com/getsentry/sentry-for-ai"
resolved_path = "skills/sentry-sdk-setup"

[skills.sentry-setup-ai-monitoring]
source = "getsentry/sentry-for-ai"
resolved_url = "https://github.com/getsentry/sentry-for-ai"
resolved_path = "skills/sentry-setup-ai-monitoring"

[skills.sentry-workflow]
source = "getsentry/sentry-for-ai"
resolved_url = "https://github.com/getsentry/sentry-for-ai"
resolved_path = "skills/sentry-workflow"

[skills.subagent-driven-development]
source = "obra/superpowers"
resolved_url = "https://github.com/obra/superpowers"
resolved_path = "skills/subagent-driven-development"

[skills.systematic-debugging]
source = "obra/superpowers"
resolved_url = "https://github.com/obra/superpowers"
resolved_path = "skills/systematic-debugging"

[skills.test-driven-development]
source = "obra/superpowers"
resolved_url = "https://github.com/obra/superpowers"
resolved_path = "skills/test-driven-development"

[skills.using-git-worktrees]
source = "obra/superpowers"
resolved_url = "https://github.com/obra/superpowers"
resolved_path = "skills/using-git-worktrees"

[skills.using-superpowers]
source = "obra/superpowers"
resolved_url = "https://github.com/obra/superpowers"
resolved_path = "skills/using-superpowers"

[skills.verification-before-completion]
source = "obra/superpowers"
resolved_url = "https://github.com/obra/superpowers"
resolved_path = "skills/verification-before-completion"

[skills.writing-plans]
source = "obra/superpowers"
resolved_url = "https://github.com/obra/superpowers"
resolved_path = "skills/writing-plans"
